
Microsoft Visual Studio Solution File, Format Version 12.00
# Visual Studio Version 17
VisualStudioVersion = 17.14.36414.22 d17.14
MinimumVisualStudioVersion = 10.0.40219.1
Project("{FAE04EC0-301F-11D3-BF4B-00C04F79EFBC}") = "APIAgenda", "APIAgenda\APIAgenda.csproj", "{2F5C9CD0-4F8B-4A94-86A5-9C671122EA15}"
EndProject
Global
	GlobalSection(SolutionConfigurationPlatforms) = preSolution
		Debug|Any CPU = Debug|Any CPU
		Release|Any CPU = Release|Any CPU
	EndGlobalSection
	GlobalSection(ProjectConfigurationPlatforms) = postSolution
		{2F5C9CD0-4F8B-4A94-86A5-9C671122EA15}.Debug|Any CPU.ActiveCfg = Debug|Any CPU
		{2F5C9CD0-4F8B-4A94-86A5-9C671122EA15}.Debug|Any CPU.Build.0 = Debug|Any CPU
		{2F5C9CD0-4F8B-4A94-86A5-9C671122EA15}.Release|Any CPU.ActiveCfg = Release|Any CPU
		{2F5C9CD0-4F8B-4A94-86A5-9C671122EA15}.Release|Any CPU.Build.0 = Release|Any CPU
	EndGlobalSection
	GlobalSection(SolutionProperties) = preSolution
		HideSolutionNode = FALSE
	EndGlobalSection
	GlobalSection(ExtensibilityGlobals) = postSolution
		SolutionGuid = {AF8372E5-9568-49CE-ADEC-5F8B9CE3D0F0}
	EndGlobalSection
EndGlobal
